
Microsoft Visual Studio Solution File, Format Version 12.00
# Visual Studio Version 17
VisualStudioVersion = 17.6.33815.320
MinimumVisualStudioVersion = 10.0.40219.1
Project("{2150E333-8FDC-42A3-9474-1A3956D46DE8}") = "Mathmetical-Modeling-Tools", "Mathmetical-Modeling-Tools", "{C3B3BEBB-AEDA-47A6-B498-728A48B6D835}"
EndProject
Project("{8BC9CEB8-8B4A-11D0-8D11-00A0C91BC942}") = "tools", "src\tools\tools.vcxproj", "{E3C7548C-6836-478E-A418-A62071C02481}"
EndProject
Project("{2150E333-8FDC-42A3-9474-1A3956D46DE8}") = "Experiment-Tools", "Experiment-Tools", "{13B3E5EA-23E4-4D9C-A4EA-3A6D41BA1E20}"
EndProject
Project("{8BC9CEB8-8B4A-11D0-8D11-00A0C91BC942}") = "data_uncertainty_check", "src\data_uncertainty_check\data_uncertainty_check.vcxproj", "{35493C6A-BB9D-4AD4-930E-B091B9682F0D}"
EndProject
Project("{8BC9CEB8-8B4A-11D0-8D11-00A0C91BC942}") = "matrix_calculation", "src\matrix_calculation\matrix-calculation.vcxproj", "{63E7322B-DD3F-41EF-BFA3-0BAA0060B338}"
EndProject
Project("{8BC9CEB8-8B4A-11D0-8D11-00A0C91BC942}") = "cluster", "src\cluster\cluster.vcxproj", "{46486583-F921-4E78-88A2-148F327D1BD4}"
EndProject
Project("{8BC9CEB8-8B4A-11D0-8D11-00A0C91BC942}") = "metropolis_hasting", "src\metropolis_hasting\metropolis_hasting.vcxproj", "{FFC1B027-CF6D-405F-9580-CAABFCFC23F0}"
EndProject
Project("{8BC9CEB8-8B4A-11D0-8D11-00A0C91BC942}") = "simulated_annealing", "src\simulated_annealing\simulated_annealing.vcxproj", "{41B57D8D-C10F-4F98-A71D-A571D26F696F}"
EndProject
Project("{2150E333-8FDC-42A3-9474-1A3956D46DE8}") = "MMTraining", "MMTraining", "{2F42ECE6-CA43-4849-8E24-397E7E27B360}"
EndProject
Project("{8BC9CEB8-8B4A-11D0-8D11-00A0C91BC942}") = "TOPSIS", "TOPSIS\TOPSIS.vcxproj", "{BE233927-1FB5-4336-9DD6-C01CAE8033E0}"
EndProject
Global
	GlobalSection(SolutionConfigurationPlatforms) = preSolution
		Debug|ARM64 = Debug|ARM64
		Debug|x64 = Debug|x64
		Debug|x86 = Debug|x86
		Release|ARM64 = Release|ARM64
		Release|x64 = Release|x64
		Release|x86 = Release|x86
	EndGlobalSection
	GlobalSection(ProjectConfigurationPlatforms) = postSolution
		{E3C7548C-6836-478E-A418-A62071C02481}.Debug|ARM64.ActiveCfg = Debug|ARM64
		{E3C7548C-6836-478E-A418-A62071C02481}.Debug|ARM64.Build.0 = Debug|ARM64
		{E3C7548C-6836-478E-A418-A62071C02481}.Debug|x64.ActiveCfg = Debug|x64
		{E3C7548C-6836-478E-A418-A62071C02481}.Debug|x64.Build.0 = Debug|x64
		{E3C7548C-6836-478E-A418-A62071C02481}.Debug|x86.ActiveCfg = Debug|Win32
		{E3C7548C-6836-478E-A418-A62071C02481}.Debug|x86.Build.0 = Debug|Win32
		{E3C7548C-6836-478E-A418-A62071C02481}.Release|ARM64.ActiveCfg = Release|ARM64
		{E3C7548C-6836-478E-A418-A62071C02481}.Release|ARM64.Build.0 = Release|ARM64
		{E3C7548C-6836-478E-A418-A62071C02481}.Release|x64.ActiveCfg = Release|x64
		{E3C7548C-6836-478E-A418-A62071C02481}.Release|x64.Build.0 = Release|x64
		{E3C7548C-6836-478E-A418-A62071C02481}.Release|x86.ActiveCfg = Release|Win32
		{E3C7548C-6836-478E-A418-A62071C02481}.Release|x86.Build.0 = Release|Win32
		{35493C6A-BB9D-4AD4-930E-B091B9682F0D}.Debug|ARM64.ActiveCfg = Debug|ARM64
		{35493C6A-BB9D-4AD4-930E-B091B9682F0D}.Debug|ARM64.Build.0 = Debug|ARM64
		{35493C6A-BB9D-4AD4-930E-B091B9682F0D}.Debug|x64.ActiveCfg = Debug|x64
		{35493C6A-BB9D-4AD4-930E-B091B9682F0D}.Debug|x64.Build.0 = Debug|x64
		{35493C6A-BB9D-4AD4-930E-B091B9682F0D}.Debug|x86.ActiveCfg = Debug|Win32
		{35493C6A-BB9D-4AD4-930E-B091B9682F0D}.Debug|x86.Build.0 = Debug|Win32
		{35493C6A-BB9D-4AD4-930E-B091B9682F0D}.Release|ARM64.ActiveCfg = Release|ARM64
		{35493C6A-BB9D-4AD4-930E-B091B9682F0D}.Release|ARM64.Build.0 = Release|ARM64
		{35493C6A-BB9D-4AD4-930E-B091B9682F0D}.Release|x64.ActiveCfg = Release|x64
		{35493C6A-BB9D-4AD4-930E-B091B9682F0D}.Release|x64.Build.0 = Release|x64
		{35493C6A-BB9D-4AD4-930E-B091B9682F0D}.Release|x86.ActiveCfg = Release|Win32
		{35493C6A-BB9D-4AD4-930E-B091B9682F0D}.Release|x86.Build.0 = Release|Win32
		{63E7322B-DD3F-41EF-BFA3-0BAA0060B338}.Debug|ARM64.ActiveCfg = Debug|ARM64
		{63E7322B-DD3F-41EF-BFA3-0BAA0060B338}.Debug|ARM64.Build.0 = Debug|ARM64
		{63E7322B-DD3F-41EF-BFA3-0BAA0060B338}.Debug|x64.ActiveCfg = Debug|x64
		{63E7322B-DD3F-41EF-BFA3-0BAA0060B338}.Debug|x64.Build.0 = Debug|x64
		{63E7322B-DD3F-41EF-BFA3-0BAA0060B338}.Debug|x86.ActiveCfg = Debug|Win32
		{63E7322B-DD3F-41EF-BFA3-0BAA0060B338}.Debug|x86.Build.0 = Debug|Win32
		{63E7322B-DD3F-41EF-BFA3-0BAA0060B338}.Release|ARM64.ActiveCfg = Release|ARM64
		{63E7322B-DD3F-41EF-BFA3-0BAA0060B338}.Release|ARM64.Build.0 = Release|ARM64
		{63E7322B-DD3F-41EF-BFA3-0BAA0060B338}.Release|x64.ActiveCfg = Release|x64
		{63E7322B-DD3F-41EF-BFA3-0BAA0060B338}.Release|x64.Build.0 = Release|x64
		{63E7322B-DD3F-41EF-BFA3-0BAA0060B338}.Release|x86.ActiveCfg = Release|Win32
		{63E7322B-DD3F-41EF-BFA3-0BAA0060B338}.Release|x86.Build.0 = Release|Win32
		{46486583-F921-4E78-88A2-148F327D1BD4}.Debug|ARM64.ActiveCfg = Debug|ARM64
		{46486583-F921-4E78-88A2-148F327D1BD4}.Debug|ARM64.Build.0 = Debug|ARM64
		{46486583-F921-4E78-88A2-148F327D1BD4}.Debug|x64.ActiveCfg = Debug|x64
		{46486583-F921-4E78-88A2-148F327D1BD4}.Debug|x64.Build.0 = Debug|x64
		{46486583-F921-4E78-88A2-148F327D1BD4}.Debug|x86.ActiveCfg = Debug|Win32
		{46486583-F921-4E78-88A2-148F327D1BD4}.Debug|x86.Build.0 = Debug|Win32
		{46486583-F921-4E78-88A2-148F327D1BD4}.Release|ARM64.ActiveCfg = Release|ARM64
		{46486583-F921-4E78-88A2-148F327D1BD4}.Release|ARM64.Build.0 = Release|ARM64
		{46486583-F921-4E78-88A2-148F327D1BD4}.Release|x64.ActiveCfg = Release|x64
		{46486583-F921-4E78-88A2-148F327D1BD4}.Release|x64.Build.0 = Release|x64
		{46486583-F921-4E78-88A2-148F327D1BD4}.Release|x86.ActiveCfg = Release|Win32
		{46486583-F921-4E78-88A2-148F327D1BD4}.Release|x86.Build.0 = Release|Win32
		{FFC1B027-CF6D-405F-9580-CAABFCFC23F0}.Debug|ARM64.ActiveCfg = Debug|ARM64
		{FFC1B027-CF6D-405F-9580-CAABFCFC23F0}.Debug|ARM64.Build.0 = Debug|ARM64
		{FFC1B027-CF6D-405F-9580-CAABFCFC23F0}.Debug|x64.ActiveCfg = Debug|x64
		{FFC1B027-CF6D-405F-9580-CAABFCFC23F0}.Debug|x64.Build.0 = Debug|x64
		{FFC1B027-CF6D-405F-9580-CAABFCFC23F0}.Debug|x86.ActiveCfg = Debug|Win32
		{FFC1B027-CF6D-405F-9580-CAABFCFC23F0}.Debug|x86.Build.0 = Debug|Win32
		{FFC1B027-CF6D-405F-9580-CAABFCFC23F0}.Release|ARM64.ActiveCfg = Release|ARM64
		{FFC1B027-CF6D-405F-9580-CAABFCFC23F0}.Release|ARM64.Build.0 = Release|ARM64
		{FFC1B027-CF6D-405F-9580-CAABFCFC23F0}.Release|x64.ActiveCfg = Release|x64
		{FFC1B027-CF6D-405F-9580-CAABFCFC23F0}.Release|x64.Build.0 = Release|x64
		{FFC1B027-CF6D-405F-9580-CAABFCFC23F0}.Release|x86.ActiveCfg = Release|Win32
		{FFC1B027-CF6D-405F-9580-CAABFCFC23F0}.Release|x86.Build.0 = Release|Win32
		{41B57D8D-C10F-4F98-A71D-A571D26F696F}.Debug|ARM64.ActiveCfg = Debug|ARM64
		{41B57D8D-C10F-4F98-A71D-A571D26F696F}.Debug|ARM64.Build.0 = Debug|ARM64
		{41B57D8D-C10F-4F98-A71D-A571D26F696F}.Debug|x64.ActiveCfg = Debug|x64
		{41B57D8D-C10F-4F98-A71D-A571D26F696F}.Debug|x64.Build.0 = Debug|x64
		{41B57D8D-C10F-4F98-A71D-A571D26F696F}.Debug|x86.ActiveCfg = Debug|Win32
		{41B57D8D-C10F-4F98-A71D-A571D26F696F}.Debug|x86.Build.0 = Debug|Win32
		{41B57D8D-C10F-4F98-A71D-A571D26F696F}.Release|ARM64.ActiveCfg = Release|ARM64
		{41B57D8D-C10F-4F98-A71D-A571D26F696F}.Release|ARM64.Build.0 = Release|ARM64
		{41B57D8D-C10F-4F98-A71D-A571D26F696F}.Release|x64.ActiveCfg = Release|x64
		{41B57D8D-C10F-4F98-A71D-A571D26F696F}.Release|x64.Build.0 = Release|x64
		{41B57D8D-C10F-4F98-A71D-A571D26F696F}.Release|x86.ActiveCfg = Release|Win32
		{41B57D8D-C10F-4F98-A71D-A571D26F696F}.Release|x86.Build.0 = Release|Win32
		{BE233927-1FB5-4336-9DD6-C01CAE8033E0}.Debug|ARM64.ActiveCfg = Debug|x64
		{BE233927-1FB5-4336-9DD6-C01CAE8033E0}.Debug|ARM64.Build.0 = Debug|x64
		{BE233927-1FB5-4336-9DD6-C01CAE8033E0}.Debug|x64.ActiveCfg = Debug|x64
		{BE233927-1FB5-4336-9DD6-C01CAE8033E0}.Debug|x64.Build.0 = Debug|x64
		{BE233927-1FB5-4336-9DD6-C01CAE8033E0}.Debug|x86.ActiveCfg = Debug|Win32
		{BE233927-1FB5-4336-9DD6-C01CAE8033E0}.Debug|x86.Build.0 = Debug|Win32
		{BE233927-1FB5-4336-9DD6-C01CAE8033E0}.Release|ARM64.ActiveCfg = Release|x64
		{BE233927-1FB5-4336-9DD6-C01CAE8033E0}.Release|ARM64.Build.0 = Release|x64
		{BE233927-1FB5-4336-9DD6-C01CAE8033E0}.Release|x64.ActiveCfg = Release|x64
		{BE233927-1FB5-4336-9DD6-C01CAE8033E0}.Release|x64.Build.0 = Release|x64
		{BE233927-1FB5-4336-9DD6-C01CAE8033E0}.Release|x86.ActiveCfg = Release|Win32
		{BE233927-1FB5-4336-9DD6-C01CAE8033E0}.Release|x86.Build.0 = Release|Win32
	EndGlobalSection
	GlobalSection(SolutionProperties) = preSolution
		HideSolutionNode = FALSE
	EndGlobalSection
	GlobalSection(NestedProjects) = preSolution
		{E3C7548C-6836-478E-A418-A62071C02481} = {C3B3BEBB-AEDA-47A6-B498-728A48B6D835}
		{35493C6A-BB9D-4AD4-930E-B091B9682F0D} = {13B3E5EA-23E4-4D9C-A4EA-3A6D41BA1E20}
		{63E7322B-DD3F-41EF-BFA3-0BAA0060B338} = {C3B3BEBB-AEDA-47A6-B498-728A48B6D835}
		{46486583-F921-4E78-88A2-148F327D1BD4} = {C3B3BEBB-AEDA-47A6-B498-728A48B6D835}
		{FFC1B027-CF6D-405F-9580-CAABFCFC23F0} = {C3B3BEBB-AEDA-47A6-B498-728A48B6D835}
		{41B57D8D-C10F-4F98-A71D-A571D26F696F} = {C3B3BEBB-AEDA-47A6-B498-728A48B6D835}
		{BE233927-1FB5-4336-9DD6-C01CAE8033E0} = {C3B3BEBB-AEDA-47A6-B498-728A48B6D835}
	EndGlobalSection
	GlobalSection(ExtensibilityGlobals) = postSolution
		SolutionGuid = {5149C265-FEC8-4FA2-82A3-DD49B2154DD1}
	EndGlobalSection
EndGlobal
